
Microsoft Visual Studio Solution File, Format Version 12.00
# Visual Studio Version 17
VisualStudioVersion = 17.13.35931.197
MinimumVisualStudioVersion = 10.0.40219.1
Project("{FAE04EC0-301F-11D3-BF4B-00C04F79EFBC}") = "SkyConnect_2Version", "SkyConnect_2Version\SkyConnect_2Version.csproj", "{9BADF5DD-DD58-4879-88BD-B1A104CAFCBE}"
EndProject
Project("{2150E333-8FDC-42A3-9474-1A3956D46DE8}") = "Models", "Models", "{02EA681E-C7D8-13C7-8484-4AC65E1B71E8}"
	ProjectSection(SolutionItems) = preProject
		User.cs = User.cs
		WeatherForecast.cs = WeatherForecast.cs
	EndProjectSection
EndProject
Project("{2150E333-8FDC-42A3-9474-1A3956D46DE8}") = "Services", "Services", "{2EC82D9C-CFC8-4733-BD1C-A9AA0AB38927}"
	ProjectSection(SolutionItems) = preProject
		IAuthService.cs = IAuthService.cs
		WeatherService.cs = WeatherService.cs
	EndProjectSection
EndProject
Project("{2150E333-8FDC-42A3-9474-1A3956D46DE8}") = "Controllers", "Controllers", "{709CF6DE-C18C-4D57-A367-5AF1D4FC525D}"
	ProjectSection(SolutionItems) = preProject
		AppController.cs = AppController.cs
	EndProjectSection
EndProject
Project("{2150E333-8FDC-42A3-9474-1A3956D46DE8}") = "ViewModels", "ViewModels", "{60D29D59-2CF0-42BC-B056-40B37CFDA081}"
	ProjectSection(SolutionItems) = preProject
		MainViewModel.cs = MainViewModel.cs
	EndProjectSection
EndProject
Project("{2150E333-8FDC-42A3-9474-1A3956D46DE8}") = "Pages", "Pages", "{1E3DC4DA-C8CB-40A3-B2E5-5314C820CB49}"
	ProjectSection(SolutionItems) = preProject
		Weather.razor = Weather.razor
	EndProjectSection
EndProject
Global
	GlobalSection(SolutionConfigurationPlatforms) = preSolution
		Debug|Any CPU = Debug|Any CPU
		Release|Any CPU = Release|Any CPU
	EndGlobalSection
	GlobalSection(ProjectConfigurationPlatforms) = postSolution
		{9BADF5DD-DD58-4879-88BD-B1A104CAFCBE}.Debug|Any CPU.ActiveCfg = Debug|Any CPU
		{9BADF5DD-DD58-4879-88BD-B1A104CAFCBE}.Debug|Any CPU.Build.0 = Debug|Any CPU
		{9BADF5DD-DD58-4879-88BD-B1A104CAFCBE}.Release|Any CPU.ActiveCfg = Release|Any CPU
		{9BADF5DD-DD58-4879-88BD-B1A104CAFCBE}.Release|Any CPU.Build.0 = Release|Any CPU
	EndGlobalSection
	GlobalSection(SolutionProperties) = preSolution
		HideSolutionNode = FALSE
	EndGlobalSection
	GlobalSection(ExtensibilityGlobals) = postSolution
		SolutionGuid = {FF7E1F9D-4D65-493A-91F2-89942A06C5A1}
	EndGlobalSection
EndGlobal
